{
  "lockfileVersion": 1,
  "configVersion": 1,
  "workspaces": {
    "": {
      "name": "yt-downloader-tui",
      "dependencies": {
        "@mediabunny/aac-encoder": "1.55.1",
        "@mediabunny/flac-encoder": "1.55.1",
        "@mediabunny/mp3-encoder": "1.55.1",
        "@mediabunny/server": "1.55.1",
        "@opentui/core": "0.5.4",
        "@opentui/react": "0.5.4",
        "check-disk-space": "3.4.0",
        "i18next": "26.4.0",
        "mediabunny": "1.55.1",
        "react": "19.2.8",
        "react-i18next": "17.0.12",
        "valibot": "1.4.2",
        "youtubei.js": "18.0.0",
        "zustand": "5.0.15",
      },
      "devDependencies": {
        "@types/bun": "latest",
        "@types/react": "19.2.18",
        "oxfmt": "0.64.0",
        "oxlint": "1.79.0",
      },
      "peerDependencies": {
        "typescript": "7.0.2",
      },
    },
  },
  "trustedDependencies": [
    "node-av",
  ],
  "patchedDependencies": {
    "node-av@6.1.1": "patches/node-av@6.1.1.patch",
  },
  "packages": {
    "@babel/runtime": ["@babel/runtime@7.29.7", "", {}, "sha512-Nq8OhGWiZIZGV6hLHoyAKLLcJihP/xFeBMGJoUrxTX2psI8dCifzLhZISFb+VWS3wFMRDmCGw5R+dOySCqPLhw=="],

    "@bufbuild/protobuf": ["@bufbuild/protobuf@2.14.0", "", {}, "sha512-C3UGsiCwSprE2NKIIFA3hCDlpXTMCAXRZuEVp88L1GY36Y41+rYL5fryE+nOFhp4p4JPQvdV8PQ4DWgHgeTE+w=="],

    "@fidm/asn1": ["@fidm/asn1@1.0.4", "", {}, "sha512-esd1jyNvRb2HVaQGq2Gg8Z0kbQPXzV9Tq5Z14KNIov6KfFD6PTaRIO8UpcsYiTNzOqJpmyzWgVTrUwFV3UF4TQ=="],

    "@fidm/x509": ["@fidm/x509@1.2.1", "", { "dependencies": { "@fidm/asn1": "^1.0.4", "tweetnacl": "^1.0.1" } }, "sha512-nwc2iesjyc9hkuzcrMCBXQRn653XuAUKorfWM8PZyJawiy1QzLj4vahwzaI25+pfpwOLvMzbJ0uKpWLDNmo16w=="],

    "@leichtgewicht/ip-codec": ["@leichtgewicht/ip-codec@2.0.5", "", {}, "sha512-Vo+PSpZG2/fmgmiNzYK9qWRh8h/CHrwD0mo1h1DzL4yzHNSfWYujGTYsWGreD000gcgmZ7K4Ys6Tx9TxtsKdDw=="],

    "@mediabunny/aac-encoder": ["@mediabunny/aac-encoder@1.55.1", "", { "peerDependencies": { "mediabunny": "^1.0.0" } }, "sha512-NkLRZzfZoCmMZpMosj+O9gpl1tgHgKR85G8QrtUSUGJO1HaI/NqZznwSEdGWZKT4rSiRRaYtYXecLCAIdKWDFQ=="],

    "@mediabunny/flac-encoder": ["@mediabunny/flac-encoder@1.55.1", "", { "peerDependencies": { "mediabunny": "^1.0.0" } }, "sha512-tWmL2Fv6MtAIkjSVebZ8YgSj7YR/xN6Jn37F+JpSA2WdZLDXLxxH0wyw/kqsKv9aWCCUcYhc/GpDo/KUr9SUHw=="],

    "@mediabunny/mp3-encoder": ["@mediabunny/mp3-encoder@1.55.1", "", { "peerDependencies": { "mediabunny": "^1.0.0" } }, "sha512-5l9o9R+Ptb0MzAdysZ7fG5GxCpq+MxtJxy+ywlm32HFhvifutKJTw1ORP6pz2Bu0m8aD5OPITgdANvmwkXYU/g=="],

    "@mediabunny/prores": ["@mediabunny/prores@1.55.1", "", { "dependencies": { "turbores": "^1.2.2" }, "peerDependencies": { "mediabunny": "^1.49.0" } }, "sha512-0/nmBgGHLr8uDvWvhcVGygQEN75MM18BpdJCZv9jDmw0xE+dWxDcgth8Gw/xxEsMs0xrtKrQhQU4U6ZV5rxx+w=="],

    "@mediabunny/server": ["@mediabunny/server@1.55.1", "", { "dependencies": { "@mediabunny/prores": "^1.55.1", "node-av": "^6.0.0" }, "peerDependencies": { "mediabunny": "^1.45.0" } }, "sha512-S296TDzp2RaMu8o9I1v5TSbLCkbXj76RhTsNRWTClVOQkmkzj2QYTpddFbGb61jvB7JwfK1jyZ9DFBK+3cTRAA=="],

    "@minhducsun2002/leb128": ["@minhducsun2002/leb128@1.0.0", "", {}, "sha512-eFrYUPDVHeuwWHluTG1kwNQUEUcFjVKYwPkU8z9DR1JH3AW7JtJsG9cRVGmwz809kKtGfwGJj58juCZxEvnI/g=="],

    "@noble/curves": ["@noble/curves@1.9.7", "", { "dependencies": { "@noble/hashes": "1.8.0" } }, "sha512-gbKGcRUYIjA3/zCCNaWDciTMFI0dCkvou3TL8Zmy5Nc7sJ47a0jtOeZoTaMxkuqRo9cRhjOdZJXegxYE5FN/xw=="],

    "@noble/hashes": ["@noble/hashes@1.8.0", "", {}, "sha512-jCs9ldd7NwzpgXDIf6P3+NrHh9/sD6CQdxHyjQI+h/6rDNo88ypBxxz45UDuZHz9r3tNz7N/VInSVoVdtXEI4A=="],

    "@opentui/core": ["@opentui/core@0.5.4", "", { "dependencies": { "bun-ffi-structs": "0.3.1", "diff": "9.0.0", "marked": "17.0.1", "string-width": "7.2.0", "strip-ansi": "7.1.2" }, "optionalDependencies": { "@opentui/core-darwin-arm64": "0.5.4", "@opentui/core-darwin-x64": "0.5.4", "@opentui/core-linux-arm64": "0.5.4", "@opentui/core-linux-arm64-musl": "0.5.4", "@opentui/core-linux-x64": "0.5.4", "@opentui/core-linux-x64-musl": "0.5.4", "@opentui/core-win32-arm64": "0.5.4", "@opentui/core-win32-x64": "0.5.4" }, "peerDependencies": { "web-tree-sitter": "0.25.10" } }, "sha512-czcJKQ72QhTWvu1eWfKg4EPN1GLLND6cP9MOhDyqYzCdIZgxQSJVWYzz6c4/CQGOu/qQLRyce2y1efVu4lgQ0w=="],

    "@opentui/core-darwin-arm64": ["@opentui/core-darwin-arm64@0.5.4", "", { "os": "darwin", "cpu": "arm64" }, "sha512-oETbn6tg/0g+mOvGXy3iot+1Zv7CGr65U1lRaPJ7kpsKGnOxftCpDD1qA0I6eQwfPJa9k7h9D/9yGB3IbweGcg=="],

    "@opentui/core-darwin-x64": ["@opentui/core-darwin-x64@0.5.4", "", { "os": "darwin", "cpu": "x64" }, "sha512-TIeqCNfAV8xvNAv6oVBYsoGBz/p8CxcYm668OQIeBPUO+irqbQ72vJJa/SwFZrUEAHFmsDELaB6y80oHU5Jm6g=="],

    "@opentui/core-linux-arm64": ["@opentui/core-linux-arm64@0.5.4", "", { "os": "linux", "cpu": "arm64" }, "sha512-UrOsX3D5BOO9TI30WvRwEK/lyPPhY75+LwSqeRRe8SV2ON+Ez5QqY4oryTyYC6+yNahTJufz34n0YgwnQaxTNA=="],

    "@opentui/core-linux-arm64-musl": ["@opentui/core-linux-arm64-musl@0.5.4", "", { "os": "linux", "cpu": "arm64" }, "sha512-8vFWd1dsPZj9fHQKlsGHue3ukp7MRjTSpmIrdneIruOcoK2etccHfd6bqIo4FcNr+HA0eI2FP4ZIL9xhE3r9/w=="],

    "@opentui/core-linux-x64": ["@opentui/core-linux-x64@0.5.4", "", { "os": "linux", "cpu": "x64" }, "sha512-1RXzSl6d347O7mUXviXFWlFFyILr7qsVt4jwD3k0UiKtENeEDNi+glM1bKHbXwCdQjfA835QgFA2mbILybK+aQ=="],

    "@opentui/core-linux-x64-musl": ["@opentui/core-linux-x64-musl@0.5.4", "", { "os": "linux", "cpu": "x64" }, "sha512-YYREqUB3v5K0qWij3A5YWzJkkVXp/EqIiuHZKsAjrUAY/0+Bp8Hn0baLvvvkuklpG9whW+GfwIeUsmp4fxqmCA=="],

    "@opentui/core-win32-arm64": ["@opentui/core-win32-arm64@0.5.4", "", { "os": "win32", "cpu": "arm64" }, "sha512-F9sB6suPJmwkLF2MwKEC+OtwP6cn5QspIm4MCh2hmu3mVqSz9GDpYID1X3sAh9/V79EVocqiOSqI3KeCTRouKQ=="],

    "@opentui/core-win32-x64": ["@opentui/core-win32-x64@0.5.4", "", { "os": "win32", "cpu": "x64" }, "sha512-2/6dPPPJ9xL/bWz9jh+lZeV2g/tbxZ9N4FBIqwhnqSfIYy5jOnscsPZpcN4X6PstfJAo2yf0Ebk/tLTOzOS6TQ=="],

    "@opentui/react": ["@opentui/react@0.5.4", "", { "dependencies": { "@opentui/core": "0.5.4", "react-reconciler": "^0.33.0" }, "peerDependencies": { "react": ">=19.2.0", "react-devtools-core": "^7.0.1", "ws": "^8.18.0" } }, "sha512-ApC85L/Wp9Va3RsskCSefwM7708oxt7nTFl6S23Db2/0uqCYm0DAfQ1b1l+8Kj/N9RzVdpw9d05fLe8TEISusg=="],

    "@oxfmt/binding-android-arm-eabi": ["@oxfmt/binding-android-arm-eabi@0.64.0", "", { "os": "android", "cpu": "arm" }, "sha512-o6uzh/jTOQeAY5TdkAeXdqv7MBRcPxiRA08zrcBtkKj5cSu/FMu0Hl7Q6Fi1KCKyCWZ6lJVjBzdsJvsKltUsGQ=="],

    "@oxfmt/binding-android-arm64": ["@oxfmt/binding-android-arm64@0.64.0", "", { "os": "android", "cpu": "arm64" }, "sha512-jRGSUeeP7p3Gynw2YaCVtjBIA6ZxY6bEB/ES5i54OhqmRTyuVg7ZgstEtzgq6GOAJd+2QZ5pvf+bFfmW5Mp9cw=="],

    "@oxfmt/binding-darwin-arm64": ["@oxfmt/binding-darwin-arm64@0.64.0", "", { "os": "darwin", "cpu": "arm64" }, "sha512-JINwtU2lW7nOFSqi+H2qplipNUqah9Gc1jgGmB82kTD4UnZrZIVxCJ9qEmFiKfjNq27gYLFhrUb0to86aCwMjw=="],

    "@oxfmt/binding-darwin-x64": ["@oxfmt/binding-darwin-x64@0.64.0", "", { "os": "darwin", "cpu": "x64" }, "sha512-gCmuswrgrOSajV4HCRFkVCGIruPq8bjYuPYgSE2WQB3mD6XrdyZ3JMSRZCkQ8zCxOyGWriBo6QoZ5nmMHQ1BfA=="],

    "@oxfmt/binding-freebsd-x64": ["@oxfmt/binding-freebsd-x64@0.64.0", "", { "os": "freebsd", "cpu": "x64" }, "sha512-Ab8g7a38pT0MMImjh7anRSTve6buWBIlcXIFBYa5xl4s6UxEgKSc2xOOhbGtLwvXnEi2PsEDGoJh3oUU7xkehQ=="],

    "@oxfmt/binding-linux-arm-gnueabihf": ["@oxfmt/binding-linux-arm-gnueabihf@0.64.0", "", { "os": "linux", "cpu": "arm" }, "sha512-BgvS3CoQ+Xy2deoZqEN8JVKabcCZi2RxA3yant8G9OAv9KuPJ9TCjHkqigzdHUVwErZxEP5d2bzLIEyKYyBDLg=="],

    "@oxfmt/binding-linux-arm-musleabihf": ["@oxfmt/binding-linux-arm-musleabihf@0.64.0", "", { "os": "linux", "cpu": "arm" }, "sha512-QXpNxwoMj0YvnceCNZadNSden3bIcnvjn/sDp/rwZhRoZoZYGpHvtPyhGsdJz9uvT9GkaMW7SsLddurU56dt8w=="],

    "@oxfmt/binding-linux-arm64-gnu": ["@oxfmt/binding-linux-arm64-gnu@0.64.0", "", { "os": "linux", "cpu": "arm64" }, "sha512-BBgH3I1ppDsI5pZ4Pdhw0ceYxwVCfbU/bZEBCeZ6caRS9x0ZabErxubP7riGUn11PXZBhe8DYdjkDKP1FlVQ5w=="],

    "@oxfmt/binding-linux-arm64-musl": ["@oxfmt/binding-linux-arm64-musl@0.64.0", "", { "os": "linux", "cpu": "arm64" }, "sha512-v19HSjC/BGXdt26qEvKZtwAHgGmQ2Agcap2kQP+KIqoRZqivVzYth3ui2dJA1i+6/fjpjga85lIOaJJjQ/bOOw=="],

    "@oxfmt/binding-linux-ppc64-gnu": ["@oxfmt/binding-linux-ppc64-gnu@0.64.0", "", { "os": "linux", "cpu": "ppc64" }, "sha512-PElLnOo4xFTBZrxPhgTIj0eHqZXwEBQoNWtb7facUV170T0B0FRET0iNbb3LUeLWTybkUW+vsdyv4ihOdyXGyw=="],

    "@oxfmt/binding-linux-riscv64-gnu": ["@oxfmt/binding-linux-riscv64-gnu@0.64.0", "", { "os": "linux", "cpu": "none" }, "sha512-Qzsg15n4F5CH+MorcRW4MkAEMiLzXmeG+DiDSbP/bBTqCmWOH3K9DHryNrve+JHlV0txS+B6Z9P5Xz+cmWeL+g=="],

    "@oxfmt/binding-linux-riscv64-musl": ["@oxfmt/binding-linux-riscv64-musl@0.64.0", "", { "os": "linux", "cpu": "none" }, "sha512-/GZ358wnQ/Ez4UVnCcZIi56JkY0sOdZ+B108pqXKqZz3jLS59F4KEAB1Qv3fRlObrFEk+3L2vUQ/xoPx+3vjXw=="],

    "@oxfmt/binding-linux-s390x-gnu": ["@oxfmt/binding-linux-s390x-gnu@0.64.0", "", { "os": "linux", "cpu": "s390x" }, "sha512-/C9We3DXegowfLXtVCYHeNiU9azwCDr5cQkEtCVlc74vyn+lLQSPApJ1CZmxAduqeq/Oi3gQ+IVptyhCaTMtkQ=="],

    "@oxfmt/binding-linux-x64-gnu": ["@oxfmt/binding-linux-x64-gnu@0.64.0", "", { "os": "linux", "cpu": "x64" }, "sha512-91KM2CeRWscIEHlj1NsW2WSnzGeq1Ehq+39bfDowTdkn+fcvK/x4Y1RcyqT7glyBjZio0ldkeCG6Usj3v7ASog=="],

    "@oxfmt/binding-linux-x64-musl": ["@oxfmt/binding-linux-x64-musl@0.64.0", "", { "os": "linux", "cpu": "x64" }, "sha512-gw7uEk9I+7zoT1EYLra1eWArIzNcz8e3jkv+Noo2+o2T7wPvsNSQbfoa4DSfZlvn1i6mJ05RiZ4/omaXPDNhQg=="],

    "@oxfmt/binding-openharmony-arm64": ["@oxfmt/binding-openharmony-arm64@0.64.0", "", { "os": "none", "cpu": "arm64" }, "sha512-HYHFf616FHSPSO07c09mjmXBfQ73wIVM3m0txOiooa5XZkGoxFd6B14PVj0LB0DXIqJ6wAO/dDR/NX/5UUaqnw=="],

    "@oxfmt/binding-win32-arm64-msvc": ["@oxfmt/binding-win32-arm64-msvc@0.64.0", "", { "os": "win32", "cpu": "arm64" }, "sha512-uQjFp081IZSWD6VAofX2iO2z01awAdHmfC+NrieWIPKrT2hZKQDyq/U18M7ifC0sm0Wz8aHY/p6+FDYIzs/CrQ=="],

    "@oxfmt/binding-win32-ia32-msvc": ["@oxfmt/binding-win32-ia32-msvc@0.64.0", "", { "os": "win32", "cpu": "ia32" }, "sha512-lNM6byTAQ881jugzFu8juJTbNRgsUTlswMA6pJmwi1XDvmIqnnb49lcUAs5gz94fCJLrVN+/X3s3jOKqx23WIQ=="],

    "@oxfmt/binding-win32-x64-msvc": ["@oxfmt/binding-win32-x64-msvc@0.64.0", "", { "os": "win32", "cpu": "x64" }, "sha512-BtmbtL/QjMtF1a6C3CqoDluH2IfB6fJt62E+B9RFfUPtFk4Iz9PFS6+y/SzzOvSxc7aUk2Kphwg7Dh8lMbwu6g=="],

    "@oxlint/binding-android-arm-eabi": ["@oxlint/binding-android-arm-eabi@1.79.0", "", { "os": "android", "cpu": "arm" }, "sha512-TebFaaMklO/RXzTv7PucaCq9l3X6D1gA+C8H6K4njtjFOV+zWE9MKLpulcJZN9bzytbUbQIY0mZuz12nQ5Kv4Q=="],

    "@oxlint/binding-android-arm64": ["@oxlint/binding-android-arm64@1.79.0", "", { "os": "android", "cpu": "arm64" }, "sha512-KqqnOtAVgNsPPF0YSodkFZA1O80jcKoCZCTu3bgsszxA+MrMP9TLzfXitKjEj1FmrPprKDMdRDMmY3weESO9sg=="],

    "@oxlint/binding-darwin-arm64": ["@oxlint/binding-darwin-arm64@1.79.0", "", { "os": "darwin", "cpu": "arm64" }, "sha512-BVC2nsMzqQzRDPc5RhixkZ+m1p7iH4bxRRvqkbwDXX0PlQKm1BPy8J8cRjnAFafOq2QzI+BfO3vE8w2GZ3CBag=="],

    "@oxlint/binding-darwin-x64": ["@oxlint/binding-darwin-x64@1.79.0", "", { "os": "darwin", "cpu": "x64" }, "sha512-p6Lm+snmhGuLKL1+CpCV8L6ijkE/qJzK2H2jG9+eKJT0n31RbY4FLsdhexekgP3bLpw4Kgde+9DZuDZQ4yIInA=="],

    "@oxlint/binding-freebsd-x64": ["@oxlint/binding-freebsd-x64@1.79.0", "", { "os": "freebsd", "cpu": "x64" }, "sha512-qDMm0dXZnoHyRqSL4N4xUq82T4sqK5cbKSjvd/dF/YbMUXc2R1wEPf+vmA5S0qUmi0nwXfNbjXBtZaIqzQLIMg=="],

    "@oxlint/binding-linux-arm-gnueabihf": ["@oxlint/binding-linux-arm-gnueabihf@1.79.0", "", { "os": "linux", "cpu": "arm" }, "sha512-2od7s0nuKPzqyUZAWk9KkCyGg7eI9dwFPZg+20lB15fKFkVZ0c9ZFxqPfiBAyDTlTkh9stPI0t+JlPCqMbItVA=="],

    "@oxlint/binding-linux-arm-musleabihf": ["@oxlint/binding-linux-arm-musleabihf@1.79.0", "", { "os": "linux", "cpu": "arm" }, "sha512-ZOQUjkzDnvlhSE3+tWC3YXx94MMl+sYMlwH+u1+YGApGHOJP/YAc8ZBRFOXZ6eOBmxtXAWuS/fBcdZr8qqNO1A=="],

    "@oxlint/binding-linux-arm64-gnu": ["@oxlint/binding-linux-arm64-gnu@1.79.0", "", { "os": "linux", "cpu": "arm64" }, "sha512-lu158FR4nGqGeRS3BQvtG85wRgU/Fy4MD5Cxp1hzJXizGiLo6u2742wJSCDKh8cFcZntvX7fcxlq4mMmfryH1g=="],

    "@oxlint/binding-linux-arm64-musl": ["@oxlint/binding-linux-arm64-musl@1.79.0", "", { "os": "linux", "cpu": "arm64" }, "sha512-mbpKQeE2aflTjddaHK7MP8KP/OFbUM++lt5M635ENM8IyIdK0jm2t9pb+2v9mVVIvhF6TqA4l7F79Pll1mi+uw=="],

    "@oxlint/binding-linux-ppc64-gnu": ["@oxlint/binding-linux-ppc64-gnu@1.79.0", "", { "os": "linux", "cpu": "ppc64" }, "sha512-WpGNua7gaxaHnpSDeog2ji8IDHn/QLPl9LPzwkR/FvVv58vT5BcXjRXnU+wbu3N75cpeha8CdC7ho/U2OIsB4g=="],

    "@oxlint/binding-linux-riscv64-gnu": ["@oxlint/binding-linux-riscv64-gnu@1.79.0", "", { "os": "linux", "cpu": "none" }, "sha512-tK1E93A5LVzISg4ngpKJnfTs7EqtIUceGI7MQ4GyDjJiLi8wPCkEyKlj2xkyKWZ1yzkDJyLHTBJ5/iFWRdnJvg=="],

    "@oxlint/binding-linux-riscv64-musl": ["@oxlint/binding-linux-riscv64-musl@1.79.0", "", { "os": "linux", "cpu": "none" }, "sha512-qhQvUIrngXivA2A9pQ+xPCychztn/5qUv7yS3gDwXv3w7Rag+eTeeXWmRyx+t7XsW5x6LuY/8AsTq36UgFIblg=="],

    "@oxlint/binding-linux-s390x-gnu": ["@oxlint/binding-linux-s390x-gnu@1.79.0", "", { "os": "linux", "cpu": "s390x" }, "sha512-sv6AaVgU/eE6u+6WFiQVDcPPwTxP6IJMSB9k701W2r/r6Tx465e8vPvVyRxquNH4Vy6KwRNu90mVbxXJN8+5gg=="],

    "@oxlint/binding-linux-x64-gnu": ["@oxlint/binding-linux-x64-gnu@1.79.0", "", { "os": "linux", "cpu": "x64" }, "sha512-iFZL02deziHslb3jEX9KdqlAkYoo4fGyotchKDzdfK1f5mxlIBeiQeHhvK3iFpuEJSB4ma/qeFn9oxPiwnhUPQ=="],

    "@oxlint/binding-linux-x64-musl": ["@oxlint/binding-linux-x64-musl@1.79.0", "", { "os": "linux", "cpu": "x64" }, "sha512-3DtZR2raqObnh7wXZoFYFd0Fw7skBvcb3f7A+/lkEiDuh8hrE6vv9b/62Qxao1a9/OeHLw/FcXlXzgsW9wTRFg=="],

    "@oxlint/binding-openharmony-arm64": ["@oxlint/binding-openharmony-arm64@1.79.0", "", { "os": "none", "cpu": "arm64" }, "sha512-Oatt4GuA1WJkqzk2ozx4HrWROOi7opV3AKDw/U8qDIqeTqzsjn5K2x3REJMNjU3/KU/Bkq96Zi3CknaiDTaC/Q=="],

    "@oxlint/binding-win32-arm64-msvc": ["@oxlint/binding-win32-arm64-msvc@1.79.0", "", { "os": "win32", "cpu": "arm64" }, "sha512-NAgZr9Qp8nIA9rpo0JEvwiabTF/2UVqBNnupBG9X4kxXcQoScJUTi+qHhvabb9s/thgj5wQ4XcIaJvb+ZMgoKw=="],

    "@oxlint/binding-win32-ia32-msvc": ["@oxlint/binding-win32-ia32-msvc@1.79.0", "", { "os": "win32", "cpu": "ia32" }, "sha512-+KyXjIvcpaXmWW/j9NNY5yWjrIVxaX18VyIheQy3jwc2GSYgpCr7MGI/HxIGQ/shAL5IWEKbhsqoMpAO5Stiog=="],

    "@oxlint/binding-win32-x64-msvc": ["@oxlint/binding-win32-x64-msvc@1.79.0", "", { "os": "win32", "cpu": "x64" }, "sha512-mEelcCMMBS57sIXh2veGMNy+pQwuGtcMxHxGIZWQ5Ba9pJ5jCCUFOZB9E2JhBaxGsURe+WGe0zJp4RVre52gpQ=="],

    "@peculiar/asn1-cms": ["@peculiar/asn1-cms@2.9.3", "", { "dependencies": { "@peculiar/asn1-schema": "^2.9.3", "@peculiar/asn1-x509": "^2.9.3", "@peculiar/asn1-x509-attr": "^2.9.3", "asn1js": "^3.0.10", "tslib": "^2.8.1" } }, "sha512-N3POfw5RA7efAliAATiudtmvKQqukVEOzrMQuqQY/us2EPKczMy2WiecLt1SX6s3b0OwcFaPUXGF6uIYlBUTbg=="],

    "@peculiar/asn1-csr": ["@peculiar/asn1-csr@2.9.3", "", { "dependencies": { "@peculiar/asn1-schema": "^2.9.3", "@peculiar/asn1-x509": "^2.9.3", "asn1js": "^3.0.10", "tslib": "^2.8.1" } }, "sha512-E9zYmC5mk7eiDKqQAOsZGrJ7mUCIDC0031s4Nsl7dj1Za5EBKcHVqY+1vD/a4xbk480PGqvi455W2b4FeHRJ8Q=="],

    "@peculiar/asn1-ecc": ["@peculiar/asn1-ecc@2.9.3", "", { "dependencies": { "@peculiar/asn1-schema": "^2.9.3", "@peculiar/asn1-x509": "^2.9.3", "asn1js": "^3.0.10", "tslib": "^2.8.1" } }, "sha512-4xmeZiZ46VI2qGbiZPzdv6p9IhMtjWdbwZf3VCgN8OAVcued60ej5Ki2FF94srVH4Ot/h45Co7T5C/fpQXP4rA=="],

    "@peculiar/asn1-pfx": ["@peculiar/asn1-pfx@2.9.3", "", { "dependencies": { "@peculiar/asn1-cms": "^2.9.3", "@peculiar/asn1-pkcs8": "^2.9.3", "@peculiar/asn1-rsa": "^2.9.3", "@peculiar/asn1-schema": "^2.9.3", "asn1js": "^3.0.10", "tslib": "^2.8.1" } }, "sha512-Nzwoj+fRr1XB9CQuc4AanUuvQ3OIXAY+ngZIYP+eZUqd+Sonj+ZHTnrg+egQuUJ64/iMi9HFPN04MokGrFTK0w=="],

    "@peculiar/asn1-pkcs8": ["@peculiar/asn1-pkcs8@2.9.3", "", { "dependencies": { "@peculiar/asn1-schema": "^2.9.3", "@peculiar/asn1-x509": "^2.9.3", "asn1js": "^3.0.10", "tslib": "^2.8.1" } }, "sha512-ecGZpkY6Lq5bSgTFU+LS74WjawzDgjWHcjFMVNPH/1C0j53Xi9dmLcPMdmZyk8gdsd2RKeV1fP9EbLB6W6zZ1g=="],

    "@peculiar/asn1-pkcs9": ["@peculiar/asn1-pkcs9@2.9.3", "", { "dependencies": { "@peculiar/asn1-cms": "^2.9.3", "@peculiar/asn1-pfx": "^2.9.3", "@peculiar/asn1-pkcs8": "^2.9.3", "@peculiar/asn1-schema": "^2.9.3", "@peculiar/asn1-x509": "^2.9.3", "@peculiar/asn1-x509-attr": "^2.9.3", "asn1js": "^3.0.10", "tslib": "^2.8.1" } }, "sha512-yjWVrQEmPp2y9lWjLLE28BRHbt7wYdwWvwXjFgNuekP9mDD/ofz31muVI8qOg2as7XZs1bZIZGPPnJ/0osTClQ=="],

    "@peculiar/asn1-rsa": ["@peculiar/asn1-rsa@2.9.3", "", { "dependencies": { "@peculiar/asn1-schema": "^2.9.3", "@peculiar/asn1-x509": "^2.9.3", "asn1js": "^3.0.10", "tslib": "^2.8.1" } }, "sha512-t7m3e9p/Gf9YoMM+hLsHUqB+NhOlifiOkENAIG4RV2BFWVGTATVzbXoR8L0EgNWpiriPaeIjBCS5B9PTtkaxQw=="],

    "@peculiar/asn1-schema": ["@peculiar/asn1-schema@2.9.3", "", { "dependencies": { "@peculiar/utils": "^2.0.2", "asn1js": "^3.0.10", "tslib": "^2.8.1" } }, "sha512-SOux4+jikCnOwoJvpBp/grOqzFmJPnNSwe3sAg1Bn93YdmCiDtvolZifJIhiRq0UWMTnLRPj9/ZCMAc2W9VsMQ=="],

    "@peculiar/asn1-x509": ["@peculiar/asn1-x509@2.9.3", "", { "dependencies": { "@peculiar/asn1-schema": "^2.9.3", "@peculiar/utils": "^2.0.2", "asn1js": "^3.0.10", "tslib": "^2.8.1" } }, "sha512-HE+ejy9dX9JP3yLL6CGYoWym4Cted1lGXH7DxsbNDGiq8KabwVR7mzYidwsyNZ/m0hNWjiS+dzSwrsgMB/OIaQ=="],

    "@peculiar/asn1-x509-attr": ["@peculiar/asn1-x509-attr@2.9.3", "", { "dependencies": { "@peculiar/asn1-schema": "^2.9.3", "@peculiar/asn1-x509": "^2.9.3", "asn1js": "^3.0.10", "tslib": "^2.8.1" } }, "sha512-v5Oa6p7hCT3ONqYHQyTFQYcycD06eMhHbr0m7evpvPQSpWJIq8GgbdnvA9bVGTUlOx6KOeDrX7Z0W4s/yboNTg=="],

    "@peculiar/utils": ["@peculiar/utils@2.0.3", "", { "dependencies": { "tslib": "^2.8.1" } }, "sha512-+oL3HPFRIZ1St2K50lWCXiioIgSoxzz7R1J3uF6neO2yl1sgmpgY6XXJH4BdpoDkMWznQTeYF6oWNDZLCdQ4eQ=="],

    "@peculiar/x509": ["@peculiar/x509@1.14.3", "", { "dependencies": { "@peculiar/asn1-cms": "^2.6.0", "@peculiar/asn1-csr": "^2.6.0", "@peculiar/asn1-ecc": "^2.6.0", "@peculiar/asn1-pkcs9": "^2.6.0", "@peculiar/asn1-rsa": "^2.6.0", "@peculiar/asn1-schema": "^2.6.0", "@peculiar/asn1-x509": "^2.6.0", "pvtsutils": "^1.3.6", "reflect-metadata": "^0.2.2", "tslib": "^2.8.1", "tsyringe": "^4.10.0" } }, "sha512-C2Xj8FZ0uHWeCXXqX5B4/gVFQmtSkiuOolzAgutjTfseNOHT3pUjljDZsTSxXFGgio54bCzVFqmEOUrIVk8RDA=="],

    "@rollup/rollup-linux-x64-gnu": ["@rollup/rollup-linux-x64-gnu@4.62.1", "", { "os": "linux", "cpu": "x64" }, "sha512-nVQGk/jStQc2V4rrkI+vPD2J+85boKqS4R4nOdPhc3eWw0kyW/b+AYRGoH8qo057XSVqaTx13AliH5qPeLTtgQ=="],

    "@seydx/node-av-darwin-arm64": ["@seydx/node-av-darwin-arm64@6.1.1", "", { "os": "darwin", "cpu": "arm64" }, "sha512-hJ07HDFwz96MI/EY1V89/jVWXMfn/xb/32vocNhAeqnvBRMZio+hDz8lQloGynqv8iow5y9mPb7fOuzt5cW1+w=="],

    "@seydx/node-av-darwin-x64": ["@seydx/node-av-darwin-x64@6.1.1", "", { "os": "darwin", "cpu": "x64" }, "sha512-7sfIEA/KkEMPMbfLlU9pGy34vE5iOpWryBFK87jDXeqLo4hB5p5qx2IDKcKfD6WBzEMk5FJScZz4rlT3J546Og=="],

    "@seydx/node-av-linux-arm64": ["@seydx/node-av-linux-arm64@6.1.1", "", { "os": "linux", "cpu": "arm64" }, "sha512-E5LopQ+LaTGdjmnk3KYsrKF1qRQHT22xVGijUdAcvbScfLTJz2RuJoevKT53cuNupR1gdmRmvnmq+kac4TkDRA=="],

    "@seydx/node-av-linux-x64": ["@seydx/node-av-linux-x64@6.1.1", "", { "os": "linux", "cpu": "x64" }, "sha512-2HkBkMUSmA+1sP0PN7eFSkNJhbejgJDCXx0w0ZMRlTLqF+snz5ptf/gl/tQye9yER6I4OGW/7WVL5Y2PVneNCA=="],

    "@seydx/node-av-win32-arm64-mingw": ["@seydx/node-av-win32-arm64-mingw@6.1.1", "", { "os": "win32", "cpu": "arm64" }, "sha512-inhihhVGetTgpYaUQHfeTbG/PdBzYHqBRz79U/83C/64FHw7+sKQF125B7Hfle7tnTX3w7LoJQ+RxsoAP2RWgw=="],

    "@seydx/node-av-win32-arm64-msvc": ["@seydx/node-av-win32-arm64-msvc@6.1.1", "", { "os": "win32", "cpu": "arm64" }, "sha512-gESbRZhCkldciGV+e08PhgJ3Do2PnL1ZY8ZIIDTjutCZdw+lgZigvZGq8jQ+TnsV6Djf1pdcKx3Z2VGnIGId5Q=="],

    "@seydx/node-av-win32-x64-mingw": ["@seydx/node-av-win32-x64-mingw@6.1.1", "", { "os": "win32", "cpu": "x64" }, "sha512-DqdNMsGTMcmg/y+DwHu+slFdP5VluCFNrefhUoq7mobu2kKk0i3LBN9xz2NdeG15jKB+DCeqFmt0r5iMGymOKA=="],

    "@seydx/node-av-win32-x64-msvc": ["@seydx/node-av-win32-x64-msvc@6.1.1", "", { "os": "win32", "cpu": "x64" }, "sha512-GLjjoOYTqh1rvTzawgBMVKgY+8OIXMyrgD1eIqKLy3L6rWJhGvsbY+kUy15XbatGTFwStTlHK9ovTi2Xj/+9lQ=="],

    "@shinyoshiaki/binary-data": ["@shinyoshiaki/binary-data@0.6.1", "", { "dependencies": { "generate-function": "^2.3.1", "is-plain-object": "^2.0.3" } }, "sha512-7HDb/fQAop2bCmvDIzU5+69i+UJaFgIVp99h1VzK1mpg1JwSODOkjbqD7ilTYnqlnadF8C4XjpwpepxDsGY6+w=="],

    "@shinyoshiaki/jspack": ["@shinyoshiaki/jspack@0.0.6", "", {}, "sha512-SdsNhLjQh4onBlyPrn4ia1Pdx5bXT88G/LIEpOYAjx2u4xeY/m/HB5yHqlkJB1uQR3Zw4R3hBWLj46STRAN0rg=="],

    "@types/bun": ["@types/bun@1.3.14", "", { "dependencies": { "bun-types": "1.3.14" } }, "sha512-h1hFqFVcvAvD9j9K7ZW7vd82aSA+rTdznZa+5bwvCwqSB1jmmfLcbIWhOLx1/+boy/xmjgCs/OMUL8hRJSmnPw=="],

    "@types/dom-mediacapture-transform": ["@types/dom-mediacapture-transform@0.1.12", "", { "dependencies": { "@types/dom-webcodecs": "*" } }, "sha512-d7/QsLRwF864A5mgIM/YrfiglHoYn7zgCcAoJgW404r+2DwnNr7EBbLnCWpmOMgH8y0te73L1AV6H1bmauaWFw=="],

    "@types/dom-webcodecs": ["@types/dom-webcodecs@0.1.13", "", {}, "sha512-O5hkiFIcjjszPIYyUSyvScyvrBoV3NOEEZx/pMlsu44TKzWNkLVBBxnxJz42in5n3QIolYOcBYFCPZZ0h8SkwQ=="],

    "@types/node": ["@types/node@26.2.0", "", { "dependencies": { "undici-types": "~8.3.0" } }, "sha512-5IviulTZeRNp2vAJ514cc/HUlY5nZ9fCbq9DMyC52BrhFZACo3nI0R7qBxhQmo/d27NFe96ur/b7Wwxklda+kg=="],

    "@types/react": ["@types/react@19.2.18", "", { "dependencies": { "csstype": "^3.2.2" } }, "sha512-AnzbBERsrLKtk2XSfTbYRLjQPdy116Sty4q+T+Bp3IC4l6jNBvreVPAHmpq9qhXQM7CXZPjLVmGMw9sy+hxQ3w=="],

    "aes-js": ["aes-js@3.1.2", "", {}, "sha512-e5pEa2kBnBOgR4Y/p20pskXI74UEz7de8ZGVo58asOtvSVG5YAbJeELPZxOmt+Bnz3rX753YKhfIn4X4l1PPRQ=="],

    "ansi-regex": ["ansi-regex@6.3.0", "", {}, "sha512-WpDfL7NO6j7tH88IDBNVdUJxDh9nmCteAVW9dsep846XdwF4naCBK+/tGLX3KJgcpgMRXCFlTM2hKGoK9FsdrQ=="],

    "asn1js": ["asn1js@3.0.10", "", { "dependencies": { "pvtsutils": "^1.3.6", "pvutils": "^1.1.5", "tslib": "^2.8.1" } }, "sha512-S2s3aOytiKdFRdulw2qPE51MzjzVOisppcVv7jVFR+Kw0kxwvFrDcYA0h7Ndqbmj0HkMIXYWaoj7fli8kgx1eg=="],

    "base64-js": ["base64-js@1.5.1", "", {}, "sha512-AKpaYlHn8t4SVbOHCy+b5+KKgvR4vrsD8vbvrbiQJps7fKDTkjkDry6ji0rUJjC0kzbNePLwzxq8iypo41qeWA=="],

    "bluebird": ["bluebird@3.7.2", "", {}, "sha512-XpNj6GDQzdfW+r2Wnn7xiSAd7TM3jzkxGXBGTtWKuSXv1xUV+azxAm8jdWZN06QTQk+2N2XB9jRDkvbmQmcRtg=="],

    "buffer": ["buffer@6.0.3", "", { "dependencies": { "base64-js": "^1.3.1", "ieee754": "^1.2.1" } }, "sha512-FTiCpNxtwiZZHEZbcbTIcZjERVICn9yq/pDFkTl95/AxzD1naBctN7YO68riM/gLSDY7sdrMby8hofADYuuqOA=="],

    "bun-ffi-structs": ["bun-ffi-structs@0.3.1", "", { "peerDependencies": { "typescript": "^5" } }, "sha512-3gM7PpVWLyrwxWjcilSiGuhWanhZivvo6l0u573NziPH6f/gwk6McbaYgn7oJWov6pKGRTDbrg94W5DcJsKTtQ=="],

    "bun-types": ["bun-types@1.3.14", "", { "dependencies": { "@types/node": "*" } }, "sha512-4N0ig0fEomHt5R0KCFWjovxow98rIoRwKolrYdCcknNwMekCXRnWEUvgu5soYV8QXtVsrUD8B95MBOZGPvr6KQ=="],

    "check-disk-space": ["check-disk-space@3.4.0", "", {}, "sha512-drVkSqfwA+TvuEhFipiR1OC9boEGZL5RrWvVsOthdcvQNXyCCuKkEiTOTXZ7qxSf/GLwq4GvzfrQD/Wz325hgw=="],

    "core-util-is": ["core-util-is@1.0.3", "", {}, "sha512-ZQBvi1DcpJ4GDqanjucZ2Hj3wEO5pZDS89BWbkcrvdxksJorwUDDZamX9ldFkp9aw2lmBDLgkObEA4DWNJ9FYQ=="],

    "csstype": ["csstype@3.2.3", "", {}, "sha512-z1HGKcYy2xA8AGQfwrn0PAy+PB7X/GSj3UVJW9qKyn43xWa+gl5nXmU4qqLMRzWVLFC8KusUX8T/0kCiOYpAIQ=="],

    "debug": ["debug@4.4.0", "", { "dependencies": { "ms": "^2.1.3" }, "peerDependencies": { "supports-color": "*" }, "optionalPeers": ["supports-color"] }, "sha512-6WTZ/IxCY/T6BALoZHaE4ctp9xm+Z5kY/pzYaCHRFeyVhojxlrm+46y68HA6hr0TcwEssoxNiDEUJQjfPZ/RYA=="],

    "diff": ["diff@9.0.0", "", {}, "sha512-svtcdpS8CgJyqAjEQIXdb3OjhFVVYjzGAPO8WGCmRbrml64SPw/jJD4GoE98aR7r25A0XcgrK3F02yw9R/vhQw=="],

    "dns-packet": ["dns-packet@5.6.1", "", { "dependencies": { "@leichtgewicht/ip-codec": "^2.0.1" } }, "sha512-l4gcSouhcgIKRvyy99RNVOgxXiicE+2jZoNmaNmZ6JXiGajBOJAesk1OBlJuM5k2c+eudGdLxDqXuPCKIj6kpw=="],

    "duplexer2": ["duplexer2@0.1.4", "", { "dependencies": { "readable-stream": "^2.0.2" } }, "sha512-asLFVfWWtJ90ZyOUHMqk7/S2w2guQKxUI2itj3d92ADHhxUSbCMGi1f1cBcJ7xM1To+pE/Khbwo1yuNbMEPKeA=="],

    "emoji-regex": ["emoji-regex@10.6.0", "", {}, "sha512-toUI84YS5YmxW219erniWD0CIVOo46xGKColeNQRgOzDorgBi1v4D71/OFzgD9GO2UGKIv1C3Sp8DAn0+j5w7A=="],

    "fast-deep-equal": ["fast-deep-equal@3.1.3", "", {}, "sha512-f3qQ9oQy9j2AhBe/H9VC91wLmKBCCU/gDOnKNAYG5hswO7BLKj09Hc5HYNz9cGI++xlpDCIgDaitVs03ATR84Q=="],

    "fflate": ["fflate@0.8.3", "", {}, "sha512-tbZNuJrLwGUp3zshBtdy4W+ORxZuIh8a5ilyIEQDC5rY1f3U20JMry0Ll3WBzU58EZKsEuJFXhb5gwv8CsPvgA=="],

    "fs-extra": ["fs-extra@11.3.1", "", { "dependencies": { "graceful-fs": "^4.2.0", "jsonfile": "^6.0.1", "universalify": "^2.0.0" } }, "sha512-eXvGGwZ5CL17ZSwHWd3bbgk7UUpF6IFHtP57NYYakPvHOs8GDgDe5KJI36jIJzDkJ6eJjuzRA8eBQb6SkKue0g=="],

    "generate-function": ["generate-function@2.3.1", "", { "dependencies": { "is-property": "^1.0.2" } }, "sha512-eeB5GfMNeevm/GRYq20ShmsaGcmI81kIX2K9XQx5miC8KdHaC6Jm0qQ8ZNeGOi7wYB8OsdxKs+Y2oVuTFuVwKQ=="],

    "get-east-asian-width": ["get-east-asian-width@1.6.0", "", {}, "sha512-QRbvDIbx6YklUe6RxeTeleMR0yv3cYH6PsPZHcnVn7xv7zO1BHN8r0XETu8n6Ye3Q+ahtSarc3WgtNWmehIBfA=="],

    "graceful-fs": ["graceful-fs@4.2.11", "", {}, "sha512-RbJ5/jmFcNNCcDV5o9eTnBLJ/HszWV0P73bc+Ff4nS/rJj+YaS6IGyiOL0VoBYX+l1Wrl3k63h/KrH+nhJ0XvQ=="],

    "html-parse-stringify": ["html-parse-stringify@4.0.1", "", {}, "sha512-0zHsZJrK7S3K2aucXWL6ycoYJ/iNtIcFHC/nYQgFklPtrv5LpJctIiSCroWZWeuoXvuyFdzp6KzjJQ+OT5MfFw=="],

    "i18next": ["i18next@26.4.0", "", { "peerDependencies": { "typescript": "^5 || ^6 || ^7" }, "optionalPeers": ["typescript"] }, "sha512-rsmK5bFqsD1AetSFSIa43wtNR4WpvvH4p0tLEsTxkC7QTrfdFm06nbQ95bh8Og4wwaCnUEcm9DVYL2cgxitiQg=="],

    "ieee754": ["ieee754@1.2.1", "", {}, "sha512-dcyqhDvX1C46lXZcVqCpK+FtMRQVdIMN6/Df5js2zouUsqG7I6sFxitIC+7KYK29KdXOLHdu9zL4sFnoVQnqaA=="],

    "inherits": ["inherits@2.0.4", "", {}, "sha512-k/vGaX4/Yla3WzyMCvTQOXYeIHvqOKtnqBduzTHpzpQZzAskKMhZ2K+EnBiSM9zGSoIFeMpXKxa4dYeZIQqewQ=="],

    "int64-buffer": ["int64-buffer@1.1.0", "", {}, "sha512-94smTCQOvigN4d/2R/YDjz8YVG0Sufvv2aAh8P5m42gwhCsDAJqnbNOrxJsrADuAFAA69Q/ptGzxvNcNuIJcvw=="],

    "ip": ["ip@2.0.1", "", {}, "sha512-lJUL9imLTNi1ZfXT+DU6rBBdbiKGBuay9B6xGSPVjUeQwaH1RIGqef8RZkUtHioLmSNpPR5M4HVKJGm1j8FWVQ=="],

    "is-plain-object": ["is-plain-object@2.0.4", "", { "dependencies": { "isobject": "^3.0.1" } }, "sha512-h5PpgXkWitc38BBMYawTYMWJHFZJVnBquFE57xFpjB8pJFiF6gZ+bU+WyI/yqXiFR5mdLsgYNaPe8uao6Uv9Og=="],

    "is-property": ["is-property@1.0.2", "", {}, "sha512-Ks/IoX00TtClbGQr4TWXemAnktAQvYB7HzcCxDGqEZU6oCmb2INHuOoKxbtR+HFkmYWBKv/dOZtGRiAjDhj92g=="],

    "isarray": ["isarray@1.0.0", "", {}, "sha512-VLghIWNM6ELQzo7zwmcg0NmTVyWKYjvIeM83yjp0wRDTmUnrM678fQbcKBo6n2CJEF0szoG//ytg+TKla89ALQ=="],

    "isobject": ["isobject@3.0.1", "", {}, "sha512-WhB9zCku7EGTj/HQQRz5aUQEUeoQZH2bWcltRErOpymJ4boYE6wL9Tbr23krRPSZ+C5zqNSrSw+Cc7sZZ4b7vg=="],

    "jsonfile": ["jsonfile@6.2.1", "", { "dependencies": { "universalify": "^2.0.0" }, "optionalDependencies": { "graceful-fs": "^4.1.6" } }, "sha512-zwOTdL3rFQ/lRdBnntKVOX6k5cKJwEc1HdilT71BWEu7J41gXIB2MRp+vxduPSwZJPWBxEzv4yH1wYLJGUHX4Q=="],

    "marked": ["marked@17.0.1", "", { "bin": { "marked": "bin/marked.js" } }, "sha512-boeBdiS0ghpWcSwoNm/jJBwdpFaMnZWRzjA6SkUMYb40SVaN1x7mmfGKp0jvexGcx+7y2La5zRZsYFZI6Qpypg=="],

    "mediabunny": ["mediabunny@1.55.1", "", { "dependencies": { "@types/dom-mediacapture-transform": "^0.1.11", "@types/dom-webcodecs": "0.1.13" } }, "sha512-JDdTEUOw9g6Ey8eWc2Ei63GmRGtGTJoE56SE7CHikwzS8i9xpsWcve4bEiUw47d4j49L3r7MXDFsH/5oZIhjBw=="],

    "meriyah": ["meriyah@7.3.2", "", {}, "sha512-uFPXbsoxaEd7PafMz3K/n/Z3kXz7iZBJtYU0VQB/kcV7i33+JghLTKweabLir480FUsyLz6gUIj4LW7kCQ35TA=="],

    "mp4box": ["mp4box@0.5.4", "", {}, "sha512-GcCH0fySxBurJtvr0dfhz0IxHZjc1RP+F+I8xw+LIwkU1a+7HJx8NCDiww1I5u4Hz6g4eR1JlGADEGJ9r4lSfA=="],

    "ms": ["ms@2.1.3", "", {}, "sha512-6FlzubTLZG3J2a/NVCAleEhjzq5oxgHyaCU9yYXvcLsvoVaHJq/s5xXI6/XXP6tz7R9xAOtHnSO/tXtF3WRTlA=="],

    "multicast-dns": ["multicast-dns@7.2.5", "", { "dependencies": { "dns-packet": "^5.2.2", "thunky": "^1.0.2" }, "bin": { "multicast-dns": "cli.js" } }, "sha512-2eznPJP8z2BFLX50tf0LuODrpINqP1RVIm/CObbTcBRITQgmC/TjcREF1NeTBzIcR5XO/ukWo+YHOjBbFwIupg=="],

    "node-av": ["node-av@6.1.1", "", { "dependencies": { "unzipper": "^0.12.5" }, "optionalDependencies": { "@seydx/node-av-darwin-arm64": "^6.1.1", "@seydx/node-av-darwin-x64": "^6.1.1", "@seydx/node-av-linux-arm64": "^6.1.1", "@seydx/node-av-linux-x64": "^6.1.1", "@seydx/node-av-win32-arm64-mingw": "^6.1.1", "@seydx/node-av-win32-arm64-msvc": "^6.1.1", "@seydx/node-av-win32-x64-mingw": "^6.1.1", "@seydx/node-av-win32-x64-msvc": "^6.1.1", "werift": "^0.23.0" } }, "sha512-nuj2cpAelVZQ8hWJB26i9wYIPI/l+GzIAw8zbZuepFpq52khjYQ8s5S+Qi2cG1D+zjb7TYx7QqKpiZH32tqo2A=="],

    "node-int64": ["node-int64@0.4.0", "", {}, "sha512-O5lz91xSOeoXP6DulyHfllpq+Eg00MWitZIbtPfoSEvqIHdl5gfcY6hYzDWnj0qD5tz52PI08u9qUvSVeUBeHw=="],

    "oxfmt": ["oxfmt@0.64.0", "", { "dependencies": { "tinypool": "2.1.0" }, "optionalDependencies": { "@oxfmt/binding-android-arm-eabi": "0.64.0", "@oxfmt/binding-android-arm64": "0.64.0", "@oxfmt/binding-darwin-arm64": "0.64.0", "@oxfmt/binding-darwin-x64": "0.64.0", "@oxfmt/binding-freebsd-x64": "0.64.0", "@oxfmt/binding-linux-arm-gnueabihf": "0.64.0", "@oxfmt/binding-linux-arm-musleabihf": "0.64.0", "@oxfmt/binding-linux-arm64-gnu": "0.64.0", "@oxfmt/binding-linux-arm64-musl": "0.64.0", "@oxfmt/binding-linux-ppc64-gnu": "0.64.0", "@oxfmt/binding-linux-riscv64-gnu": "0.64.0", "@oxfmt/binding-linux-riscv64-musl": "0.64.0", "@oxfmt/binding-linux-s390x-gnu": "0.64.0", "@oxfmt/binding-linux-x64-gnu": "0.64.0", "@oxfmt/binding-linux-x64-musl": "0.64.0", "@oxfmt/binding-openharmony-arm64": "0.64.0", "@oxfmt/binding-win32-arm64-msvc": "0.64.0", "@oxfmt/binding-win32-ia32-msvc": "0.64.0", "@oxfmt/binding-win32-x64-msvc": "0.64.0" }, "peerDependencies": { "svelte": "^5.0.0", "vite-plus": "*" }, "optionalPeers": ["svelte", "vite-plus"], "bin": { "oxfmt": "bin/oxfmt" } }, "sha512-XZ4GFBN/PLbXKq+0zrgpQfPKYuJlUuj+nzZJY7UpIbFMNyefNLCdN9EwViycNqnYcv0wrn0jXcQLlqJp8RCKBg=="],

    "oxlint": ["oxlint@1.79.0", "", { "optionalDependencies": { "@oxlint/binding-android-arm-eabi": "1.79.0", "@oxlint/binding-android-arm64": "1.79.0", "@oxlint/binding-darwin-arm64": "1.79.0", "@oxlint/binding-darwin-x64": "1.79.0", "@oxlint/binding-freebsd-x64": "1.79.0", "@oxlint/binding-linux-arm-gnueabihf": "1.79.0", "@oxlint/binding-linux-arm-musleabihf": "1.79.0", "@oxlint/binding-linux-arm64-gnu": "1.79.0", "@oxlint/binding-linux-arm64-musl": "1.79.0", "@oxlint/binding-linux-ppc64-gnu": "1.79.0", "@oxlint/binding-linux-riscv64-gnu": "1.79.0", "@oxlint/binding-linux-riscv64-musl": "1.79.0", "@oxlint/binding-linux-s390x-gnu": "1.79.0", "@oxlint/binding-linux-x64-gnu": "1.79.0", "@oxlint/binding-linux-x64-musl": "1.79.0", "@oxlint/binding-openharmony-arm64": "1.79.0", "@oxlint/binding-win32-arm64-msvc": "1.79.0", "@oxlint/binding-win32-ia32-msvc": "1.79.0", "@oxlint/binding-win32-x64-msvc": "1.79.0" }, "peerDependencies": { "oxlint-tsgolint": ">=7.0.2001", "vite-plus": "*" }, "optionalPeers": ["oxlint-tsgolint", "vite-plus"], "bin": { "oxlint": "bin/oxlint" } }, "sha512-hVJ9hq9m2unPS+Of4eJJgCPdIeCC+3DHEUX3tkmrPJr3OK2hz7PhXwgC+ZP71ZcYu8cCDEtQrqLxWNvxBppBVg=="],

    "process-nextick-args": ["process-nextick-args@2.0.1", "", {}, "sha512-3ouUOpQhtgrbOa17J7+uxOTpITYWaGP7/AhoR3+A+/1e9skrzelGi/dXzEYyvbxubEF6Wn2ypscTKiKJFFn1ag=="],

    "pvtsutils": ["pvtsutils@1.3.6", "", { "dependencies": { "tslib": "^2.8.1" } }, "sha512-PLgQXQ6H2FWCaeRak8vvk1GW462lMxB5s3Jm673N82zI4vqtVUPuZdffdZbPDFRoU8kAhItWFtPCWiPpp4/EDg=="],

    "pvutils": ["pvutils@1.2.0", "", {}, "sha512-BbubeCEyTuQjVMakvJQ/Sxbc93F2pwmbsxONT/ZRrwU7Ua38d8unYTwXpTVLAKJ4BDuH9IGztCjQcd/N/39Dvg=="],

    "react": ["react@19.2.8", "", {}, "sha512-PWaYA1L/q9u2u7xYQi+Y3L3Yfnie7XyLeaJICV1MGD6LprsBxcAqGjYyr0eY3p+QdsA+x/Irkt4Qif8D63+Sbw=="],

    "react-devtools-core": ["react-devtools-core@7.0.1", "", { "dependencies": { "shell-quote": "^1.6.1", "ws": "^7" } }, "sha512-C3yNvRHaizlpiASzy7b9vbnBGLrhvdhl1CbdU6EnZgxPNbai60szdLtl+VL76UNOt5bOoVTOz5rNWZxgGt+Gsw=="],

    "react-i18next": ["react-i18next@17.0.12", "", { "dependencies": { "@babel/runtime": "^7.29.7", "html-parse-stringify": "^4.0.1", "use-sync-external-store": "^1.6.0" }, "peerDependencies": { "i18next": ">= 26.2.0", "react": ">= 16.8.0", "react-dom": "*", "react-native": "*", "typescript": "^5 || ^6 || ^7" }, "optionalPeers": ["react-dom", "react-native", "typescript"] }, "sha512-lFWPEGkxQ6RhusdUkysFBD58VHfSSzvHBzqMgN0SvfVpdQGfwtNkStTqdy08/sJd7s807qqutgx93fRpD0DJ3Q=="],

    "react-reconciler": ["react-reconciler@0.33.0", "", { "dependencies": { "scheduler": "^0.27.0" }, "peerDependencies": { "react": "^19.2.0" } }, "sha512-KetWRytFv1epdpJc3J4G75I4WrplZE5jOL7Yq0p34+OVOKF4Se7WrdIdVC45XsSSmUTlht2FM/fM1FZb1mfQeA=="],

    "readable-stream": ["readable-stream@2.3.8", "", { "dependencies": { "core-util-is": "~1.0.0", "inherits": "~2.0.3", "isarray": "~1.0.0", "process-nextick-args": "~2.0.0", "safe-buffer": "~5.1.1", "string_decoder": "~1.1.1", "util-deprecate": "~1.0.1" } }, "sha512-8p0AUk4XODgIewSi0l8Epjs+EVnWiK7NoDIEGU0HhE7+ZyY8D1IMY7odu5lRrFXGg71L15KG8QrPmum45RTtdA=="],

    "reflect-metadata": ["reflect-metadata@0.2.2", "", {}, "sha512-urBwgfrvVP/eAyXx4hluJivBKzuEbSQs9rKWCrCkbSxNv8mxPcUZKeuoF3Uy4mJl3Lwprp6yy5/39VWigZ4K6Q=="],

    "safe-buffer": ["safe-buffer@5.1.2", "", {}, "sha512-Gd2UZBJDkXlY7GbJxfsE8/nvKkUEU1G38c1siN6QP6a9PT9MmHB8GnpscSmMJSoF8LOIrt8ud/wPtojys4G6+g=="],

    "scheduler": ["scheduler@0.27.0", "", {}, "sha512-eNv+WrVbKu1f3vbYJT/xtiF5syA5HPIMtf9IgY/nKg0sWqzAUEvqY/xm7OcZc/qafLx/iO9FgOmeSAp4v5ti/Q=="],

    "shell-quote": ["shell-quote@1.10.0", "", {}, "sha512-w1aiOKwKuRgtwAReIIj89puqg+I7GvX4IbLrvmhXbzQsj1+Zwi4VO3+fa6ZF91TWSjIxoEkKnMeHcLEODK5ZXA=="],

    "string-width": ["string-width@7.2.0", "", { "dependencies": { "emoji-regex": "^10.3.0", "get-east-asian-width": "^1.0.0", "strip-ansi": "^7.1.0" } }, "sha512-tsaTIkKW9b4N+AEj+SVA+WhJzV7/zMhcSu78mLKWSk7cXMOSHsBKFWUs0fWwq8QyK3MgJBQRX6Gbi4kYbdvGkQ=="],

    "string_decoder": ["string_decoder@1.1.1", "", { "dependencies": { "safe-buffer": "~5.1.0" } }, "sha512-n/ShnvDi6FHbbVfviro+WojiFzv+s8MPMHBczVePfUpDJLwoLT0ht1l4YwBCbi8pJAveEEdnkHyPyTP/mzRfwg=="],

    "strip-ansi": ["strip-ansi@7.1.2", "", { "dependencies": { "ansi-regex": "^6.0.1" } }, "sha512-gmBGslpoQJtgnMAvOVqGZpEz9dyoKTCzy2nfz/n8aIFhN/jCE/rCmcxabB6jOOHV+0WNnylOxaxBQPSvcWklhA=="],

    "thunky": ["thunky@1.1.0", "", {}, "sha512-eHY7nBftgThBqOyHGVN+l8gF0BucP09fMo0oO/Lb0w1OF80dJv+lDVpXG60WMQvkcxAkNybKsrEIE3ZtKGmPrA=="],

    "tinypool": ["tinypool@2.1.0", "", {}, "sha512-Pugqs6M0m7Lv1I7FtxN4aoyToKg1C4tu+/381vH35y8oENM/Ai7f7C4StcoK4/+BSw9ebcS8jRiVrORFKCALLw=="],

    "tslib": ["tslib@2.8.1", "", {}, "sha512-oJFu94HQb+KVduSUQL7wnpmqnfmLsOA/nAh6b6EH0wCEoK0/mPeXU6c3wKDV83MkOuHPRHtSXKKU99IBazS/2w=="],

    "tsyringe": ["tsyringe@4.10.0", "", { "dependencies": { "tslib": "^1.9.3" } }, "sha512-axr3IdNuVIxnaK5XGEUFTu3YmAQ6lllgrvqfEoR16g/HGnYY/6We4oWENtAnzK6/LpJ2ur9PAb80RBt7/U4ugw=="],

    "turbores": ["turbores@1.2.2", "", { "optionalDependencies": { "@rollup/rollup-linux-x64-gnu": "4.62.1" } }, "sha512-dTSKeZ6/BgBKz9T5goMS5ZMcqOiNYO1MbvresYGfWXEF5ZWK+yIZDxNjh86bRj1mnEzhtdsMOJ5GBi8b3Azcpg=="],

    "tweetnacl": ["tweetnacl@1.0.3", "", {}, "sha512-6rt+RN7aOi1nGMyC4Xa5DdYiukl2UWCbcJft7YhxReBGQD7OAM8Pbxw6YMo4r2diNEA8FEmu32YOn9rhaiE5yw=="],

    "typescript": ["typescript@5.9.3", "", { "bin": { "tsc": "bin/tsc", "tsserver": "bin/tsserver" } }, "sha512-jl1vZzPDinLr9eUt3J/t7V6FgNEw9QjvBPdysz9KfQDD41fQrC2Y4vKQdiaUpFT4bXlb1RHhLpp8wtm6M5TgSw=="],

    "undici-types": ["undici-types@8.3.0", "", {}, "sha512-j375ScV60dom+YkPFIfTLcOiPxkN/buHz5GobjLhixFuANaNs3C9l4GmrWqejgXWJ7BbJcFYpTEUkS1Ge8bpZQ=="],

    "universalify": ["universalify@2.0.1", "", {}, "sha512-gptHNQghINnc/vTGIk0SOFGFNXw7JVrlRUtConJRlvaw6DuX0wO5Jeko9sWrMBhh+PsYAZ7oXAiOnf/UKogyiw=="],

    "unzipper": ["unzipper@0.12.5", "", { "dependencies": { "bluebird": "~3.7.2", "duplexer2": "~0.1.4", "fs-extra": "11.3.1", "graceful-fs": "^4.2.2", "node-int64": "^0.4.0" } }, "sha512-tXYOi9R57Uj/2Z25SOs5RRSzq886MBQj2gY8dPL+xl/kv6s6SvByoKfAtvfVeEuhntWDgjd2o9p2lb4TVPAz0A=="],

    "use-sync-external-store": ["use-sync-external-store@1.6.0", "", { "peerDependencies": { "react": "^16.8.0 || ^17.0.0 || ^18.0.0 || ^19.0.0" } }, "sha512-Pp6GSwGP/NrPIrxVFAIkOQeyw8lFenOHijQWkUTrDvrF4ALqylP2C/KCkeS9dpUM3KvYRQhna5vt7IL95+ZQ9w=="],

    "util-deprecate": ["util-deprecate@1.0.2", "", {}, "sha512-EPD5q1uXyFxJpCrLnCc1nHnq3gOa6DZBocAIiI2TaSCA7VCJ1UJDMagCzIkXNsUYfD1daK//LTEQ8xiIbrHtcw=="],

    "valibot": ["valibot@1.4.2", "", { "peerDependencies": { "typescript": ">=5" }, "optionalPeers": ["typescript"] }, "sha512-gjdCvJ6d3RyHAneqxMYMW9QMCwYMb3jpOO0IyHZV1bnRHFBHrX3VkIILt5XYR0WhwHiH7Mty8ovuPZ/O3gamrg=="],

    "web-tree-sitter": ["web-tree-sitter@0.25.10", "", { "peerDependencies": { "@types/emscripten": "^1.40.0" }, "optionalPeers": ["@types/emscripten"] }, "sha512-Y09sF44/13XvgVKgO2cNDw5rGk6s26MgoZPXLESvMXeefBf7i6/73eFurre0IsTW6E14Y0ArIzhUMmjoc7xyzA=="],

    "werift": ["werift@0.23.0", "", { "dependencies": { "@fidm/x509": "^1.2.1", "@minhducsun2002/leb128": "^1.0.0", "@noble/curves": "^1.8.1", "@peculiar/x509": "^1.12.3", "@shinyoshiaki/binary-data": "^0.6.1", "@shinyoshiaki/jspack": "^0.0.6", "aes-js": "^3.1.2", "buffer": "^6.0.3", "debug": "4.4.0", "fast-deep-equal": "^3.1.3", "int64-buffer": "1.1.0", "ip": "^2.0.1", "mp4box": "^0.5.3", "multicast-dns": "^7.2.5", "tweetnacl": "^1.0.3", "werift-common": "*", "werift-dtls": "*", "werift-ice": "*", "werift-rtp": "*", "werift-sctp": "*" } }, "sha512-/WcIN5DHFG9Ri4anGOmIkp8gxBGFMWSIB/m4sfZ5CWlLfD3iMhiaAUuTBuc+KV3SY9NDmvmLtiN2uaM7k3lVzw=="],

    "werift-common": ["werift-common@0.0.3", "", { "dependencies": { "@shinyoshiaki/jspack": "^0.0.6", "debug": "^4.4.0" } }, "sha512-ma3E4BqKTyZVLhrdfTVs2T1tg9seeUtKMRn5e64LwgrogWa62+3LAUoLBUSl1yPWhgSkXId7GmcHuWDen9IJeQ=="],

    "werift-dtls": ["werift-dtls@0.5.8", "", { "dependencies": { "@fidm/x509": "^1.2.1", "@noble/curves": "^1.8.1", "@peculiar/x509": "^1.12.3", "@shinyoshiaki/binary-data": "^0.6.1", "debug": "4.4.0", "tweetnacl": "^1.0.3" } }, "sha512-oH39cdCpVLqKcPZRMGQLcN+tIBixvMGqjCB9qCrH39Tu9Mmu8u2+zTzyl0Fod87EK6PNPgoNqMJt64xlSMfLnw=="],

    "werift-ice": ["werift-ice@0.2.3", "", { "dependencies": { "debug": "4.4.0", "multicast-dns": "^7.2.5" } }, "sha512-k000fIaw8w2D4Xv5EvW6b5h4faJx8p4D8HPuDzRiGTx6UrLv2BuvUkC60LNqxlDf9o3zh90Hx1WZoHbhuw9keA=="],

    "werift-rtp": ["werift-rtp@0.8.9", "", { "dependencies": { "buffer": "^6.0.3", "debug": "4.4.0", "mediabunny": "^1.45.2" } }, "sha512-uLFOawIXw8FblIp1akfIVYFuRNtNo7csRxYypLz0t++sUNCN7sPeghVqET/c3Mq7Tg2QA3oAb15fXIIuJEp2AA=="],

    "werift-sctp": ["werift-sctp@0.0.11", "", { "dependencies": { "@shinyoshiaki/jspack": "^0.0.6" } }, "sha512-7109yuI5U7NTEHjqjn0A8VeynytkgVaxM6lRr1Ziv0D8bPcaB8A7U/P88M7WaCpWDoELHoXiRUjQycMWStIgjQ=="],

    "ws": ["ws@8.21.3", "", { "peerDependencies": { "bufferutil": "^4.0.1", "utf-8-validate": ">=5.0.2" }, "optionalPeers": ["bufferutil", "utf-8-validate"] }, "sha512-201TZ/kPWxoPr/OKWjquZR1SWKXcvxdH+e1xrx89b3YbmzLMFCLfnaG1HFIgWzJOEWZ7MvpK++odZufgYR50Rw=="],

    "youtubei.js": ["youtubei.js@18.0.0", "", { "dependencies": { "@bufbuild/protobuf": "^2.0.0", "fflate": "^0.8.2", "meriyah": "^7.3.1" } }, "sha512-7Tztl5QzNL4nIhiAxa4P/0C8cDDsUe0j4iaUeNiaA+ZfSe/l+HkHxXyoWlQXNW7IPi2n6AW23ysVMJLDh+AwWQ=="],

    "zustand": ["zustand@5.0.15", "", { "peerDependencies": { "@types/react": ">=18.0.0", "immer": ">=9.0.6", "react": ">=18.0.0", "use-sync-external-store": ">=1.2.0" }, "optionalPeers": ["@types/react", "immer", "react", "use-sync-external-store"] }, "sha512-MpSEjRiBkA9crSYeOUH32rJC7SVqAbm0Fqcqge/bUi2PPoLcBWKOsG+C8mevmpr8TwXHBVkChbbJiyvkE+i/3A=="],

    "react-devtools-core/ws": ["ws@7.5.13", "", { "peerDependencies": { "bufferutil": "^4.0.1", "utf-8-validate": "^5.0.2" }, "optionalPeers": ["bufferutil", "utf-8-validate"] }, "sha512-rsKI6xDBFVf4r/x8XyChGK04QR/XHroxs/jUcoWvtEZM8TPU/X/uIY9B1CsSzYws9ZJb/6bbBu7dPhFW00CAoA=="],

    "tsyringe/tslib": ["tslib@1.14.1", "", {}, "sha512-Xni35NKzjgMrwevysHTCArtLDpPvye8zV/0E4EyYn43P7/7qvQwPh9BGkHewbMulVntbigmcT7rdX3BNo9wRJg=="],
  }
}
